
Microsoft Visual Studio Solution File, Format Version 12.00
# Visual Studio Version 17
VisualStudioVersion = 17.7.34031.279
MinimumVisualStudioVersion = 10.0.40219.1
Project("{FAE04EC0-301F-11D3-BF4B-00C04F79EFBC}") = "Ejerc1_Erick_EESA", "Ejerc1_Erick_EESA.csproj", "{4DD9E799-3229-4E50-8033-AB549F51B35D}"
EndProject
Global
	GlobalSection(SolutionConfigurationPlatforms) = preSolution
		Debug|Any CPU = Debug|Any CPU
		Release|Any CPU = Release|Any CPU
	EndGlobalSection
	GlobalSection(ProjectConfigurationPlatforms) = postSolution
		{4DD9E799-3229-4E50-8033-AB549F51B35D}.Debug|Any CPU.ActiveCfg = Debug|Any CPU
		{4DD9E799-3229-4E50-8033-AB549F51B35D}.Debug|Any CPU.Build.0 = Debug|Any CPU
		{4DD9E799-3229-4E50-8033-AB549F51B35D}.Release|Any CPU.ActiveCfg = Release|Any CPU
		{4DD9E799-3229-4E50-8033-AB549F51B35D}.Release|Any CPU.Build.0 = Release|Any CPU
	EndGlobalSection
	GlobalSection(SolutionProperties) = preSolution
		HideSolutionNode = FALSE
	EndGlobalSection
	GlobalSection(ExtensibilityGlobals) = postSolution
		SolutionGuid = {DF64F37C-2D3D-4F88-BEFC-3366C5DCB409}
	EndGlobalSection
EndGlobal
